
Microsoft Visual Studio Solution File, Format Version 12.00
# Visual Studio 15
VisualStudioVersion = 15.0.28010.2036
MinimumVisualStudioVersion = 10.0.40219.1
Project("{9A19103F-16F7-4668-BE54-9A1E7A4F7556}") = "GuestlogixTestXF", "GuestlogixTestXF\GuestlogixTestXF\GuestlogixTestXF.csproj", "{571D503A-1D6D-4060-83D4-4AC2E998B99A}"
EndProject
Project("{9A19103F-16F7-4668-BE54-9A1E7A4F7556}") = "GuestlogixTestXF.Core", "GuestlogixTestXF\GuestlogixTestXF.Core\GuestlogixTestXF.Core.csproj", "{257DA3F2-FE74-423C-A23C-7E226168D4F9}"
EndProject
Project("{FAE04EC0-301F-11D3-BF4B-00C04F79EFBC}") = "GuestlogixTestXF.Android", "GuestlogixTestXF\GuestlogixTestXF.Android\GuestlogixTestXF.Android.csproj", "{E88DDAB7-6550-4AFE-BE14-2A1F71E4223D}"
EndProject
Project("{FAE04EC0-301F-11D3-BF4B-00C04F79EFBC}") = "GuestlogixTestXF.iOS", "GuestlogixTestXF\GuestlogixTestXF.iOS\GuestlogixTestXF.iOS.csproj", "{75D546B2-60A7-4A29-8D74-F536863CE468}"
EndProject
Global
	GlobalSection(SolutionConfigurationPlatforms) = preSolution
		Ad-Hoc|Any CPU = Ad-Hoc|Any CPU
		Ad-Hoc|iPhone = Ad-Hoc|iPhone
		Ad-Hoc|iPhoneSimulator = Ad-Hoc|iPhoneSimulator
		AppStore|Any CPU = AppStore|Any CPU
		AppStore|iPhone = AppStore|iPhone
		AppStore|iPhoneSimulator = AppStore|iPhoneSimulator
		Debug|Any CPU = Debug|Any CPU
		Debug|iPhone = Debug|iPhone
		Debug|iPhoneSimulator = Debug|iPhoneSimulator
		Release|Any CPU = Release|Any CPU
		Release|iPhone = Release|iPhone
		Release|iPhoneSimulator = Release|iPhoneSimulator
	EndGlobalSection
	GlobalSection(ProjectConfigurationPlatforms) = postSolution
		{571D503A-1D6D-4060-83D4-4AC2E998B99A}.Ad-Hoc|Any CPU.ActiveCfg = Debug|Any CPU
		{571D503A-1D6D-4060-83D4-4AC2E998B99A}.Ad-Hoc|Any CPU.Build.0 = Debug|Any CPU
		{571D503A-1D6D-4060-83D4-4AC2E998B99A}.Ad-Hoc|iPhone.ActiveCfg = Debug|Any CPU
		{571D503A-1D6D-4060-83D4-4AC2E998B99A}.Ad-Hoc|iPhone.Build.0 = Debug|Any CPU
		{571D503A-1D6D-4060-83D4-4AC2E998B99A}.Ad-Hoc|iPhoneSimulator.ActiveCfg = Debug|Any CPU
		{571D503A-1D6D-4060-83D4-4AC2E998B99A}.Ad-Hoc|iPhoneSimulator.Build.0 = Debug|Any CPU
		{571D503A-1D6D-4060-83D4-4AC2E998B99A}.AppStore|Any CPU.ActiveCfg = Debug|Any CPU
		{571D503A-1D6D-4060-83D4-4AC2E998B99A}.AppStore|Any CPU.Build.0 = Debug|Any CPU
		{571D503A-1D6D-4060-83D4-4AC2E998B99A}.AppStore|iPhone.ActiveCfg = Debug|Any CPU
		{571D503A-1D6D-4060-83D4-4AC2E998B99A}.AppStore|iPhone.Build.0 = Debug|Any CPU
		{571D503A-1D6D-4060-83D4-4AC2E998B99A}.AppStore|iPhoneSimulator.ActiveCfg = Debug|Any CPU
		{571D503A-1D6D-4060-83D4-4AC2E998B99A}.AppStore|iPhoneSimulator.Build.0 = Debug|Any CPU
		{571D503A-1D6D-4060-83D4-4AC2E998B99A}.Debug|Any CPU.ActiveCfg = Debug|Any CPU
		{571D503A-1D6D-4060-83D4-4AC2E998B99A}.Debug|Any CPU.Build.0 = Debug|Any CPU
		{571D503A-1D6D-4060-83D4-4AC2E998B99A}.Debug|iPhone.ActiveCfg = Debug|Any CPU
		{571D503A-1D6D-4060-83D4-4AC2E998B99A}.Debug|iPhone.Build.0 = Debug|Any CPU
		{571D503A-1D6D-4060-83D4-4AC2E998B99A}.Debug|iPhoneSimulator.ActiveCfg = Debug|Any CPU
		{571D503A-1D6D-4060-83D4-4AC2E998B99A}.Debug|iPhoneSimulator.Build.0 = Debug|Any CPU
		{571D503A-1D6D-4060-83D4-4AC2E998B99A}.Release|Any CPU.ActiveCfg = Release|Any CPU
		{571D503A-1D6D-4060-83D4-4AC2E998B99A}.Release|Any CPU.Build.0 = Release|Any CPU
		{571D503A-1D6D-4060-83D4-4AC2E998B99A}.Release|iPhone.ActiveCfg = Release|Any CPU
		{571D503A-1D6D-4060-83D4-4AC2E998B99A}.Release|iPhone.Build.0 = Release|Any CPU
		{571D503A-1D6D-4060-83D4-4AC2E998B99A}.Release|iPhoneSimulator.ActiveCfg = Release|Any CPU
		{571D503A-1D6D-4060-83D4-4AC2E998B99A}.Release|iPhoneSimulator.Build.0 = Release|Any CPU
		{257DA3F2-FE74-423C-A23C-7E226168D4F9}.Ad-Hoc|Any CPU.ActiveCfg = Debug|Any CPU
		{257DA3F2-FE74-423C-A23C-7E226168D4F9}.Ad-Hoc|Any CPU.Build.0 = Debug|Any CPU
		{257DA3F2-FE74-423C-A23C-7E226168D4F9}.Ad-Hoc|iPhone.ActiveCfg = Debug|Any CPU
		{257DA3F2-FE74-423C-A23C-7E226168D4F9}.Ad-Hoc|iPhone.Build.0 = Debug|Any CPU
		{257DA3F2-FE74-423C-A23C-7E226168D4F9}.Ad-Hoc|iPhoneSimulator.ActiveCfg = Debug|Any CPU
		{257DA3F2-FE74-423C-A23C-7E226168D4F9}.Ad-Hoc|iPhoneSimulator.Build.0 = Debug|Any CPU
		{257DA3F2-FE74-423C-A23C-7E226168D4F9}.AppStore|Any CPU.ActiveCfg = Debug|Any CPU
		{257DA3F2-FE74-423C-A23C-7E226168D4F9}.AppStore|Any CPU.Build.0 = Debug|Any CPU
		{257DA3F2-FE74-423C-A23C-7E226168D4F9}.AppStore|iPhone.ActiveCfg = Debug|Any CPU
		{257DA3F2-FE74-423C-A23C-7E226168D4F9}.AppStore|iPhone.Build.0 = Debug|Any CPU
		{257DA3F2-FE74-423C-A23C-7E226168D4F9}.AppStore|iPhoneSimulator.ActiveCfg = Debug|Any CPU
		{257DA3F2-FE74-423C-A23C-7E226168D4F9}.AppStore|iPhoneSimulator.Build.0 = Debug|Any CPU
		{257DA3F2-FE74-423C-A23C-7E226168D4F9}.Debug|Any CPU.ActiveCfg = Debug|Any CPU
		{257DA3F2-FE74-423C-A23C-7E226168D4F9}.Debug|Any CPU.Build.0 = Debug|Any CPU
		{257DA3F2-FE74-423C-A23C-7E226168D4F9}.Debug|iPhone.ActiveCfg = Debug|Any CPU
		{257DA3F2-FE74-423C-A23C-7E226168D4F9}.Debug|iPhone.Build.0 = Debug|Any CPU
		{257DA3F2-FE74-423C-A23C-7E226168D4F9}.Debug|iPhoneSimulator.ActiveCfg = Debug|Any CPU
		{257DA3F2-FE74-423C-A23C-7E226168D4F9}.Debug|iPhoneSimulator.Build.0 = Debug|Any CPU
		{257DA3F2-FE74-423C-A23C-7E226168D4F9}.Release|Any CPU.ActiveCfg = Release|Any CPU
		{257DA3F2-FE74-423C-A23C-7E226168D4F9}.Release|Any CPU.Build.0 = Release|Any CPU
		{257DA3F2-FE74-423C-A23C-7E226168D4F9}.Release|iPhone.ActiveCfg = Release|Any CPU
		{257DA3F2-FE74-423C-A23C-7E226168D4F9}.Release|iPhone.Build.0 = Release|Any CPU
		{257DA3F2-FE74-423C-A23C-7E226168D4F9}.Release|iPhoneSimulator.ActiveCfg = Release|Any CPU
		{257DA3F2-FE74-423C-A23C-7E226168D4F9}.Release|iPhoneSimulator.Build.0 = Release|Any CPU
		{E88DDAB7-6550-4AFE-BE14-2A1F71E4223D}.Ad-Hoc|Any CPU.ActiveCfg = Release|Any CPU
		{E88DDAB7-6550-4AFE-BE14-2A1F71E4223D}.Ad-Hoc|Any CPU.Build.0 = Release|Any CPU
		{E88DDAB7-6550-4AFE-BE14-2A1F71E4223D}.Ad-Hoc|Any CPU.Deploy.0 = Release|Any CPU
		{E88DDAB7-6550-4AFE-BE14-2A1F71E4223D}.Ad-Hoc|iPhone.ActiveCfg = Release|Any CPU
		{E88DDAB7-6550-4AFE-BE14-2A1F71E4223D}.Ad-Hoc|iPhone.Build.0 = Release|Any CPU
		{E88DDAB7-6550-4AFE-BE14-2A1F71E4223D}.Ad-Hoc|iPhone.Deploy.0 = Release|Any CPU
		{E88DDAB7-6550-4AFE-BE14-2A1F71E4223D}.Ad-Hoc|iPhoneSimulator.ActiveCfg = Release|Any CPU
		{E88DDAB7-6550-4AFE-BE14-2A1F71E4223D}.Ad-Hoc|iPhoneSimulator.Build.0 = Release|Any CPU
		{E88DDAB7-6550-4AFE-BE14-2A1F71E4223D}.Ad-Hoc|iPhoneSimulator.Deploy.0 = Release|Any CPU
		{E88DDAB7-6550-4AFE-BE14-2A1F71E4223D}.AppStore|Any CPU.ActiveCfg = Release|Any CPU
		{E88DDAB7-6550-4AFE-BE14-2A1F71E4223D}.AppStore|Any CPU.Build.0 = Release|Any CPU
		{E88DDAB7-6550-4AFE-BE14-2A1F71E4223D}.AppStore|Any CPU.Deploy.0 = Release|Any CPU
		{E88DDAB7-6550-4AFE-BE14-2A1F71E4223D}.AppStore|iPhone.ActiveCfg = Release|Any CPU
		{E88DDAB7-6550-4AFE-BE14-2A1F71E4223D}.AppStore|iPhone.Build.0 = Release|Any CPU
		{E88DDAB7-6550-4AFE-BE14-2A1F71E4223D}.AppStore|iPhone.Deploy.0 = Release|Any CPU
		{E88DDAB7-6550-4AFE-BE14-2A1F71E4223D}.AppStore|iPhoneSimulator.ActiveCfg = Release|Any CPU
		{E88DDAB7-6550-4AFE-BE14-2A1F71E4223D}.AppStore|iPhoneSimulator.Build.0 = Release|Any CPU
		{E88DDAB7-6550-4AFE-BE14-2A1F71E4223D}.AppStore|iPhoneSimulator.Deploy.0 = Release|Any CPU
		{E88DDAB7-6550-4AFE-BE14-2A1F71E4223D}.Debug|Any CPU.ActiveCfg = Debug|Any CPU
		{E88DDAB7-6550-4AFE-BE14-2A1F71E4223D}.Debug|Any CPU.Build.0 = Debug|Any CPU
		{E88DDAB7-6550-4AFE-BE14-2A1F71E4223D}.Debug|Any CPU.Deploy.0 = Debug|Any CPU
		{E88DDAB7-6550-4AFE-BE14-2A1F71E4223D}.Debug|iPhone.ActiveCfg = Debug|Any CPU
		{E88DDAB7-6550-4AFE-BE14-2A1F71E4223D}.Debug|iPhone.Build.0 = Debug|Any CPU
		{E88DDAB7-6550-4AFE-BE14-2A1F71E4223D}.Debug|iPhone.Deploy.0 = Debug|Any CPU
		{E88DDAB7-6550-4AFE-BE14-2A1F71E4223D}.Debug|iPhoneSimulator.ActiveCfg = Debug|Any CPU
		{E88DDAB7-6550-4AFE-BE14-2A1F71E4223D}.Debug|iPhoneSimulator.Build.0 = Debug|Any CPU
		{E88DDAB7-6550-4AFE-BE14-2A1F71E4223D}.Debug|iPhoneSimulator.Deploy.0 = Debug|Any CPU
		{E88DDAB7-6550-4AFE-BE14-2A1F71E4223D}.Release|Any CPU.ActiveCfg = Release|Any CPU
		{E88DDAB7-6550-4AFE-BE14-2A1F71E4223D}.Release|Any CPU.Build.0 = Release|Any CPU
		{E88DDAB7-6550-4AFE-BE14-2A1F71E4223D}.Release|Any CPU.Deploy.0 = Release|Any CPU
		{E88DDAB7-6550-4AFE-BE14-2A1F71E4223D}.Release|iPhone.ActiveCfg = Release|Any CPU
		{E88DDAB7-6550-4AFE-BE14-2A1F71E4223D}.Release|iPhone.Build.0 = Release|Any CPU
		{E88DDAB7-6550-4AFE-BE14-2A1F71E4223D}.Release|iPhone.Deploy.0 = Release|Any CPU
		{E88DDAB7-6550-4AFE-BE14-2A1F71E4223D}.Release|iPhoneSimulator.ActiveCfg = Release|Any CPU
		{E88DDAB7-6550-4AFE-BE14-2A1F71E4223D}.Release|iPhoneSimulator.Build.0 = Release|Any CPU
		{E88DDAB7-6550-4AFE-BE14-2A1F71E4223D}.Release|iPhoneSimulator.Deploy.0 = Release|Any CPU
		{75D546B2-60A7-4A29-8D74-F536863CE468}.Ad-Hoc|Any CPU.ActiveCfg = Ad-Hoc|iPhone
		{75D546B2-60A7-4A29-8D74-F536863CE468}.Ad-Hoc|iPhone.ActiveCfg = Ad-Hoc|iPhone
		{75D546B2-60A7-4A29-8D74-F536863CE468}.Ad-Hoc|iPhone.Build.0 = Ad-Hoc|iPhone
		{75D546B2-60A7-4A29-8D74-F536863CE468}.Ad-Hoc|iPhoneSimulator.ActiveCfg = Ad-Hoc|iPhoneSimulator
		{75D546B2-60A7-4A29-8D74-F536863CE468}.Ad-Hoc|iPhoneSimulator.Build.0 = Ad-Hoc|iPhoneSimulator
		{75D546B2-60A7-4A29-8D74-F536863CE468}.AppStore|Any CPU.ActiveCfg = AppStore|iPhone
		{75D546B2-60A7-4A29-8D74-F536863CE468}.AppStore|iPhone.ActiveCfg = AppStore|iPhone
		{75D546B2-60A7-4A29-8D74-F536863CE468}.AppStore|iPhone.Build.0 = AppStore|iPhone
		{75D546B2-60A7-4A29-8D74-F536863CE468}.AppStore|iPhoneSimulator.ActiveCfg = AppStore|iPhoneSimulator
		{75D546B2-60A7-4A29-8D74-F536863CE468}.AppStore|iPhoneSimulator.Build.0 = AppStore|iPhoneSimulator
		{75D546B2-60A7-4A29-8D74-F536863CE468}.Debug|Any CPU.ActiveCfg = Debug|iPhone
		{75D546B2-60A7-4A29-8D74-F536863CE468}.Debug|iPhone.ActiveCfg = Debug|iPhone
		{75D546B2-60A7-4A29-8D74-F536863CE468}.Debug|iPhone.Build.0 = Debug|iPhone
		{75D546B2-60A7-4A29-8D74-F536863CE468}.Debug|iPhoneSimulator.ActiveCfg = Debug|iPhoneSimulator
		{75D546B2-60A7-4A29-8D74-F536863CE468}.Debug|iPhoneSimulator.Build.0 = Debug|iPhoneSimulator
		{75D546B2-60A7-4A29-8D74-F536863CE468}.Release|Any CPU.ActiveCfg = Release|iPhone
		{75D546B2-60A7-4A29-8D74-F536863CE468}.Release|iPhone.ActiveCfg = Release|iPhone
		{75D546B2-60A7-4A29-8D74-F536863CE468}.Release|iPhone.Build.0 = Release|iPhone
		{75D546B2-60A7-4A29-8D74-F536863CE468}.Release|iPhoneSimulator.ActiveCfg = Release|iPhoneSimulator
		{75D546B2-60A7-4A29-8D74-F536863CE468}.Release|iPhoneSimulator.Build.0 = Release|iPhoneSimulator
	EndGlobalSection
	GlobalSection(SolutionProperties) = preSolution
		HideSolutionNode = FALSE
	EndGlobalSection
	GlobalSection(ExtensibilityGlobals) = postSolution
		SolutionGuid = {F97E0191-BCE1-415E-960E-6C48D510862A}
	EndGlobalSection
EndGlobal
